# THIS IS AN AUTOGENERATED FILE. DO NOT EDIT THIS FILE DIRECTLY.
# yarn lockfile v1


"@antfu/install-pkg@^0.1.0":
  version "0.1.0"
  resolved "https://registry.yarnpkg.com/@antfu/install-pkg/-/install-pkg-0.1.0.tgz#8d8c61820cbc32e5c37d82d515485ad3ee9bd052"
  integrity sha512-VaIJd3d1o7irZfK1U0nvBsHMyjkuyMP3HKYVV53z8DKyulkHKmjhhtccXO51WSPeeSHIeoJEoNOKavYpS7jkZw==
  dependencies:
    execa "^5.1.1"
    find-up "^5.0.0"

"@antfu/utils@^0.5.0", "@antfu/utils@^0.5.1":
  version "0.5.2"
  resolved "https://registry.yarnpkg.com/@antfu/utils/-/utils-0.5.2.tgz#8c2d931ff927be0ebe740169874a3d4004ab414b"
  integrity sha512-CQkeV+oJxUazwjlHD0/3ZD08QWKuGQkhnrKo3e6ly5pd48VUpXbb77q0xMU4+vc2CkJnDS02Eq/M9ugyX20XZA==

"@iconify/types@^1.1.0":
  version "1.1.0"
  resolved "https://registry.yarnpkg.com/@iconify/types/-/types-1.1.0.tgz#dc15fc988b1b3fd558dd140a24ede7e0aac11280"
  integrity sha512-Jh0llaK2LRXQoYsorIH8maClebsnzTcve+7U3rQUSnC11X4jtPnFuyatqFLvMxZ8MLG8dB4zfHsbPfuvxluONw==

"@iconify/utils@^1.0.32":
  version "1.0.32"
  resolved "https://registry.yarnpkg.com/@iconify/utils/-/utils-1.0.32.tgz#ad6262478a27a4ff59f610a0c930710f3d7d970a"
  integrity sha512-m+rnw7qKHq/XF7DAi4BcFoEAcXBfqqMgQJh8brGEHeqE/RUvgDMjmxsHgWnVpFsG+VmjGyAiI7nwXdliCwEU0Q==
  dependencies:
    "@antfu/install-pkg" "^0.1.0"
    "@antfu/utils" "^0.5.0"
    "@iconify/types" "^1.1.0"
    debug "^4.3.4"
    kolorist "^1.5.1"
    local-pkg "^0.4.1"

"@lit/reactive-element@^1.3.0":
  version "1.3.2"
  resolved "https://registry.yarnpkg.com/@lit/reactive-element/-/reactive-element-1.3.2.tgz#43e470537b6ec2c23510c07812616d5aa27a17cd"
  integrity sha512-A2e18XzPMrIh35nhIdE4uoqRzoIpEU5vZYuQN4S3Ee1zkGdYC27DP12pewbw/RLgPHzaE4kx/YqxMzebOpm0dA==

"@nodelib/fs.scandir@2.1.5":
  version "2.1.5"
  resolved "https://registry.yarnpkg.com/@nodelib/fs.scandir/-/fs.scandir-2.1.5.tgz#7619c2eb21b25483f6d167548b4cfd5a7488c3d5"
  integrity sha512-vq24Bq3ym5HEQm2NKCr3yXDwjc7vTsEThRDnkp2DK9p1uqLR+DHurm/NOTo0KG7HYHU7eppKZj3MyqYuMBf62g==
  dependencies:
    "@nodelib/fs.stat" "2.0.5"
    run-parallel "^1.1.9"

"@nodelib/fs.stat@2.0.5", "@nodelib/fs.stat@^2.0.2":
  version "2.0.5"
  resolved "https://registry.yarnpkg.com/@nodelib/fs.stat/-/fs.stat-2.0.5.tgz#5bd262af94e9d25bd1e71b05deed44876a222e8b"
  integrity sha512-RkhPPp2zrqDAQA/2jNhnztcPAlv64XdhIp7a7454A5ovI7Bukxgt7MX7udwAu3zg1DcpPU0rz3VV1SeaqvY4+A==

"@nodelib/fs.walk@^1.2.3":
  version "1.2.8"
  resolved "https://registry.yarnpkg.com/@nodelib/fs.walk/-/fs.walk-1.2.8.tgz#e95737e8bb6746ddedf69c556953494f196fe69a"
  integrity sha512-oGB+UxlgWcgQkgwo8GcEGwemoTFt3FIO9ababBmaGwXIoBKZ+GTy0pP185beGg7Llih/NSHSV2XAs1lnznocSg==
  dependencies:
    "@nodelib/fs.scandir" "2.1.5"
    fastq "^1.6.0"

"@polka/url@^1.0.0-next.20":
  version "1.0.0-next.21"
  resolved "https://registry.yarnpkg.com/@polka/url/-/url-1.0.0-next.21.tgz#5de5a2385a35309427f6011992b544514d559aa1"
  integrity sha512-a5Sab1C4/icpTZVzZc5Ghpz88yQtGOyNqYXcZgOssB2uuAr+wF/MvN6bgtW32q7HHrvBki+BsZ0OuNv6EV3K9g==

"@rollup/pluginutils@^4.2.1":
  version "4.2.1"
  resolved "https://registry.yarnpkg.com/@rollup/pluginutils/-/pluginutils-4.2.1.tgz#e6c6c3aba0744edce3fb2074922d3776c0af2a6d"
  integrity sha512-iKnFXr7NkdZAIHiIWE+BX5ULi/ucVFYWD6TbAV+rZctiRTY2PL6tsIKhoIOaoskiWAkgu+VsbXgUVDNLHf+InQ==
  dependencies:
    estree-walker "^2.0.1"
    picomatch "^2.2.2"

"@types/trusted-types@^2.0.2":
  version "2.0.2"
  resolved "https://registry.yarnpkg.com/@types/trusted-types/-/trusted-types-2.0.2.tgz#fc25ad9943bcac11cceb8168db4f275e0e72e756"
  integrity sha512-F5DIZ36YVLE+PN+Zwws4kJogq47hNgX3Nx6WyDJ3kcplxyke3XIzB8uK5n/Lpm1HBsbGzd6nmGehL8cPekP+Tg==

"@unocss/cli@0.37.2":
  version "0.37.2"
  resolved "https://registry.yarnpkg.com/@unocss/cli/-/cli-0.37.2.tgz#93ddb127ca3cf8578a18e1b17d806e129ff6f711"
  integrity sha512-IbWZGa8T4LTzOIER3JG/AuGiWfxG6whMNCbFnNsaN0Nwyr4wWqHWspxf7DfL1gC6C8x3QAlrQvHi8cHAFUwGVg==
  dependencies:
    "@unocss/config" "0.37.2"
    "@unocss/core" "0.37.2"
    "@unocss/preset-uno" "0.37.2"
    cac "^6.7.12"
    chokidar "^3.5.3"
    colorette "^2.0.16"
    consola "^2.15.3"
    fast-glob "^3.2.11"
    pathe "^0.3.0"
    perfect-debounce "^0.1.3"

"@unocss/config@0.37.2":
  version "0.37.2"
  resolved "https://registry.yarnpkg.com/@unocss/config/-/config-0.37.2.tgz#fb29dde471c1b4c870fd6f6233c52e4cee80d457"
  integrity sha512-OJdv+GortQD57aEZj9O/nlGLNKU2PFWzSALznH77wVyrpG2ThH8aWKkL6+KsOgiImNeDkdIno1ZXeFSQi0x7lQ==
  dependencies:
    "@unocss/core" "0.37.2"
    unconfig "^0.3.4"

"@unocss/core@0.37.2":
  version "0.37.2"
  resolved "https://registry.yarnpkg.com/@unocss/core/-/core-0.37.2.tgz#239667f6d14c0537e55aacf5083903fbbb1ee0d7"
  integrity sha512-qH/1SmD9Jkv7cDZVj3L9+JAQkW/myTRoZ3yU18uBc4+2WveFaFKeAIlC5FQRyoT4SWXBkQlhsavGlq6bhMdnzQ==

"@unocss/inspector@0.37.2":
  version "0.37.2"
  resolved "https://registry.yarnpkg.com/@unocss/inspector/-/inspector-0.37.2.tgz#9741bd7373ad6ceeda12ae170d4a3155d9cb7f14"
  integrity sha512-rRMZaJygGkxf9j/khqlEU7N+iyPWzKBDr4dQxEZiaHVCOn5cuCEG6uSqRRIRJRkj2iE6nejiRada9/mcq/24qA==
  dependencies:
    gzip-size "^6.0.0"
    sirv "^2.0.2"

"@unocss/preset-attributify@0.37.2":
  version "0.37.2"
  resolved "https://registry.yarnpkg.com/@unocss/preset-attributify/-/preset-attributify-0.37.2.tgz#ad32297c8f9e18459a19e2af74afdb9a8486455e"
  integrity sha512-10NSb789hMr6uurfykExkZfOPeeBMQ7ECLqMoVhainov1iGTL/NRTaEhzhwDt8sxH3UEcv0Lg7UaiZXvuMlTEw==
  dependencies:
    "@unocss/core" "0.37.2"

"@unocss/preset-icons@0.37.2":
  version "0.37.2"
  resolved "https://registry.yarnpkg.com/@unocss/preset-icons/-/preset-icons-0.37.2.tgz#e08d76f34e8ee888fef888ec3186adeface0a28d"
  integrity sha512-lm1NlARBY4aceftLDh7YwiymluZJJbG+vOoZJU+yiGpHZlmaoxig8ww+pgmPv4yGhfYNLXwE5+8V86dQYg+BtQ==
  dependencies:
    "@iconify/utils" "^1.0.32"
    "@unocss/core" "0.37.2"
    ohmyfetch "^0.4.18"

"@unocss/preset-mini@0.37.2":
  version "0.37.2"
  resolved "https://registry.yarnpkg.com/@unocss/preset-mini/-/preset-mini-0.37.2.tgz#43f92bdffb5ed8e4a2e75f38e939d05ecac330ff"
  integrity sha512-fAj+xM28bQMUEW4NlF8OMOq3wJzPocOlROx1+qufxcQedxiIUrcO9QT/3/nZYTTFtGTdRL390JvL9Ue3ux8hIA==
  dependencies:
    "@unocss/core" "0.37.2"

"@unocss/preset-tagify@0.37.2":
  version "0.37.2"
  resolved "https://registry.yarnpkg.com/@unocss/preset-tagify/-/preset-tagify-0.37.2.tgz#652cc1cdef236f9119ae25e31a07c12f975610e7"
  integrity sha512-tNvRauWqOzzgxx2Qw3xvpnv9TaiIBiSdy2TyOayAtjnimFsb2UbaZ/MIoSw+SbeYjMpihV+x9eCRptG8H8icWg==
  dependencies:
    "@unocss/core" "0.37.2"

"@unocss/preset-typography@0.37.2":
  version "0.37.2"
  resolved "https://registry.yarnpkg.com/@unocss/preset-typography/-/preset-typography-0.37.2.tgz#f1c1b23153f8543962b66749ccf782303f470437"
  integrity sha512-i926pqmeUgMkmKy70PdeOCWs7ThrV499YWN1IxNs4yqT3JQoq7aPA0vNagHAhtpWs5RWn9QQGL5QNMFurO0JQA==
  dependencies:
    "@unocss/core" "0.37.2"

"@unocss/preset-uno@0.37.2":
  version "0.37.2"
  resolved "https://registry.yarnpkg.com/@unocss/preset-uno/-/preset-uno-0.37.2.tgz#6039635830c36834ad9708df219ef820e693c32b"
  integrity sha512-l3dHqrjRD0L66fQxcXk1hR10NG0JeGKxs5g+2Xn8fe90srXAxoWymt5ZGQVwwTXMl+kKOofp/GjL2/NbvJ+RMA==
  dependencies:
    "@unocss/core" "0.37.2"
    "@unocss/preset-mini" "0.37.2"
    "@unocss/preset-wind" "0.37.2"

"@unocss/preset-web-fonts@0.37.2":
  version "0.37.2"
  resolved "https://registry.yarnpkg.com/@unocss/preset-web-fonts/-/preset-web-fonts-0.37.2.tgz#7282d9837ae9ace0dd971b46a67180c5fbe97b09"
  integrity sha512-2PRccZVu9zV7lhVrcVALlOQUiFfeZJNFqF1NfHPs6jI4W1UeCamKKYIdFtaD7oOzVOxW2skMWpNv4S7LdeCMvg==
  dependencies:
    "@unocss/core" "0.37.2"
    ohmyfetch "^0.4.18"

"@unocss/preset-wind@0.37.2", "@unocss/preset-wind@^0.37.2":
  version "0.37.2"
  resolved "https://registry.yarnpkg.com/@unocss/preset-wind/-/preset-wind-0.37.2.tgz#c630b4cd8be3b8470ea91aa68cba648db5bc51b2"
  integrity sha512-SfugaYkgAqB9S3/wP2hRSYdXXG1vNklZ8XSzx7fhE8fLE6unTs7IqvPNlBqNYBz1kydacxk7QKBJuLDRQm9pfQ==
  dependencies:
    "@unocss/core" "0.37.2"
    "@unocss/preset-mini" "0.37.2"

"@unocss/reset@0.37.2":
  version "0.37.2"
  resolved "https://registry.yarnpkg.com/@unocss/reset/-/reset-0.37.2.tgz#87085c4fd3656c83d27eac49d2c412e946567ebf"
  integrity sha512-if143ODCgOTL884lYwFmyJD38kon8BmbuzDPoEiGx6gXnuaRMQmOQZy9K8XIkpiHgfhzozvUTFOgjMM6lUo4nw==

"@unocss/scope@0.37.2":
  version "0.37.2"
  resolved "https://registry.yarnpkg.com/@unocss/scope/-/scope-0.37.2.tgz#e36e72c4e758a9b6cf44e7686ad794b663c519d9"
  integrity sha512-KW5XxqwJ8cZdNktldPehM9lAgHlzitl0PimW88Wq3B1CICH52eG8ocqpWPkKStyyK8oDiaq/HjAwdNwjJoBzow==

"@unocss/transformer-compile-class@0.37.2":
  version "0.37.2"
  resolved "https://registry.yarnpkg.com/@unocss/transformer-compile-class/-/transformer-compile-class-0.37.2.tgz#6bab27a573a310690bb2e89ca209db84c41b9aaf"
  integrity sha512-pTVMHr4E3eHN+dG0I186oZFn13uZmJza3h7gLnmC3CoWIr3yqnCO63xKS5VejyP686jvcS56ph4POWup8LvjVA==
  dependencies:
    "@unocss/core" "0.37.2"

"@unocss/transformer-directives@0.37.2":
  version "0.37.2"
  resolved "https://registry.yarnpkg.com/@unocss/transformer-directives/-/transformer-directives-0.37.2.tgz#8d9ae40b9f0f1917bc79ab2dfb674fb46219bd69"
  integrity sha512-rtA5pMNTDFq4BCO1oOQIPt2JcbySfl9IehDYtRfd2l9TySGWDTxlkn/Xp9f96dTaTu0FjjQVcnMOK/kaytnagg==
  dependencies:
    "@unocss/core" "0.37.2"
    css-tree "^2.1.0"

"@unocss/transformer-variant-group@0.37.2":
  version "0.37.2"
  resolved "https://registry.yarnpkg.com/@unocss/transformer-variant-group/-/transformer-variant-group-0.37.2.tgz#b49fd677960eab28d69b7e240ec861601856f8da"
  integrity sha512-ZStyh+WuEJYf2fWVeo45MSvzY/XyZMW4QaDo3/D+8oLd2daXbjfjXBAhMjRSIT6VJxOCnQ1+nMrtsM1swznEkQ==
  dependencies:
    "@unocss/core" "0.37.2"

"@unocss/vite@0.37.2":
  version "0.37.2"
  resolved "https://registry.yarnpkg.com/@unocss/vite/-/vite-0.37.2.tgz#1d759f779288ca08dfd24c2e35c9b509c5c54ea1"
  integrity sha512-GeTSGRETn0aY855b2P3r+9mJ1O+piJjVuQ0+Hp1A2YyR8w0/bJjOBxpYbTeZ27ZNPlijzRU5Yw+hMKAZak2nYQ==
  dependencies:
    "@rollup/pluginutils" "^4.2.1"
    "@unocss/config" "0.37.2"
    "@unocss/core" "0.37.2"
    "@unocss/inspector" "0.37.2"
    "@unocss/scope" "0.37.2"
    "@unocss/transformer-directives" "0.37.2"
    magic-string "^0.26.2"

anymatch@~3.1.2:
  version "3.1.2"
  resolved "https://registry.yarnpkg.com/anymatch/-/anymatch-3.1.2.tgz#c0557c096af32f106198f4f4e2a383537e378716"
  integrity sha512-P43ePfOAIupkguHUycrc4qJ9kz8ZiuOUijaETwX7THt0Y/GNK7v0aa8rY816xWjZ7rJdA5XdMcpVFTKMq+RvWg==
  dependencies:
    normalize-path "^3.0.0"
    picomatch "^2.0.4"

binary-extensions@^2.0.0:
  version "2.2.0"
  resolved "https://registry.yarnpkg.com/binary-extensions/-/binary-extensions-2.2.0.tgz#75f502eeaf9ffde42fc98829645be4ea76bd9e2d"
  integrity sha512-jDctJ/IVQbZoJykoeHbhXpOlNBqGNcwXJKJog42E5HDPUwQTSdjCHdihjj0DlnheQ7blbT6dHOafNAiS8ooQKA==

braces@^3.0.2, braces@~3.0.2:
  version "3.0.2"
  resolved "https://registry.yarnpkg.com/braces/-/braces-3.0.2.tgz#3454e1a462ee8d599e236df336cd9ea4f8afe107"
  integrity sha512-b8um+L1RzM3WDSzvhm6gIz1yfTbBt6YTlcEKAvsmqCZZFw46z626lVj9j1yEPW33H5H+lBQpZMP1k8l+78Ha0A==
  dependencies:
    fill-range "^7.0.1"

cac@^6.7.12:
  version "6.7.12"
  resolved "https://registry.yarnpkg.com/cac/-/cac-6.7.12.tgz#6fb5ea2ff50bd01490dbda497f4ae75a99415193"
  integrity sha512-rM7E2ygtMkJqD9c7WnFU6fruFcN3xe4FM5yUmgxhZzIKJk4uHl9U/fhwdajGFQbQuv43FAUo1Fe8gX/oIKDeSA==

chokidar@^3.5.3:
  version "3.5.3"
  resolved "https://registry.yarnpkg.com/chokidar/-/chokidar-3.5.3.tgz#1cf37c8707b932bd1af1ae22c0432e2acd1903bd"
  integrity sha512-Dr3sfKRP6oTcjf2JmUmFJfeVMvXBdegxB0iVQ5eb2V10uFJUCAS8OByZdVAyVb8xXNz3GjjTgj9kLWsZTqE6kw==
  dependencies:
    anymatch "~3.1.2"
    braces "~3.0.2"
    glob-parent "~5.1.2"
    is-binary-path "~2.1.0"
    is-glob "~4.0.1"
    normalize-path "~3.0.0"
    readdirp "~3.6.0"
  optionalDependencies:
    fsevents "~2.3.2"

colorette@^2.0.16:
  version "2.0.16"
  resolved "https://registry.yarnpkg.com/colorette/-/colorette-2.0.16.tgz#713b9af84fdb000139f04546bd4a93f62a5085da"
  integrity sha512-hUewv7oMjCp+wkBv5Rm0v87eJhq4woh5rSR+42YSQJKecCqgIqNkZ6lAlQms/BwHPJA5NKMRlpxPRv0n8HQW6g==

consola@^2.15.3:
  version "2.15.3"
  resolved "https://registry.yarnpkg.com/consola/-/consola-2.15.3.tgz#2e11f98d6a4be71ff72e0bdf07bd23e12cb61550"
  integrity sha512-9vAdYbHj6x2fLKC4+oPH0kFzY/orMZyG2Aj+kNylHxKGJ/Ed4dpNyAQYwJOdqO4zdM7XpVHmyejQDcQHrnuXbw==

cross-spawn@^7.0.3:
  version "7.0.3"
  resolved "https://registry.yarnpkg.com/cross-spawn/-/cross-spawn-7.0.3.tgz#f73a85b9d5d41d045551c177e2882d4ac85728a6"
  integrity sha512-iRDPJKUPVEND7dHPO8rkbOnPpyDygcDFtWjpeWNCgy8WP2rXcxXL8TskReQl6OrB2G7+UJrags1q15Fudc7G6w==
  dependencies:
    path-key "^3.1.0"
    shebang-command "^2.0.0"
    which "^2.0.1"

css-tree@^2.1.0:
  version "2.1.0"
  resolved "https://registry.yarnpkg.com/css-tree/-/css-tree-2.1.0.tgz#170e27ccf94e7c5facb183765c25898be843d1d2"
  integrity sha512-PcysZRzToBbrpoUrZ9qfblRIRf8zbEAkU0AIpQFtgkFK0vSbzOmBCvdSAx2Zg7Xx5wiYJKUKk0NMP7kxevie/A==
  dependencies:
    mdn-data "2.0.27"
    source-map-js "^1.0.1"

debug@^4.3.4:
  version "4.3.4"
  resolved "https://registry.yarnpkg.com/debug/-/debug-4.3.4.tgz#1319f6579357f2338d3337d2cdd4914bb5dcc865"
  integrity sha512-PRWFHuSU3eDtQJPvnNY7Jcket1j0t5OuOsFzPPzsekD52Zl8qUfFIPEiswXqIvHWGVHOgX+7G/vCNNhehwxfkQ==
  dependencies:
    ms "2.1.2"

defu@^6.0.0:
  version "6.0.0"
  resolved "https://registry.yarnpkg.com/defu/-/defu-6.0.0.tgz#b397a6709a2f3202747a3d9daf9446e41ad0c5fc"
  integrity sha512-t2MZGLf1V2rV4VBZbWIaXKdX/mUcYW0n2znQZoADBkGGxYL8EWqCuCZBmJPJ/Yy9fofJkyuuSuo5GSwo0XdEgw==

destr@^1.1.1:
  version "1.1.1"
  resolved "https://registry.yarnpkg.com/destr/-/destr-1.1.1.tgz#910457d10a2f2f247add4ca4fdb4a03adcc49079"
  integrity sha512-QqkneF8LrYmwATMdnuD2MLI3GHQIcBnG6qFC2q9bSH430VTCDAVjcspPmUaKhPGtAtPAftIUFqY1obQYQuwmbg==

duplexer@^0.1.2:
  version "0.1.2"
  resolved "https://registry.yarnpkg.com/duplexer/-/duplexer-0.1.2.tgz#3abe43aef3835f8ae077d136ddce0f276b0400e6"
  integrity sha512-jtD6YG370ZCIi/9GTaJKQxWTZD045+4R4hTk/x1UyoqadyJ9x9CgSi1RlVDQF8U2sxLLSnFkCaMihqljHIWgMg==

esbuild-android-64@0.14.41:
  version "0.14.41"
  resolved "https://registry.yarnpkg.com/esbuild-android-64/-/esbuild-android-64-0.14.41.tgz#34de1b983a81b22207db6faf937a600f15c5ca9b"
  integrity sha512-byyo8LPOGHzAqxbwh2Q72d7L+rXXTsr/KALjsiCySrJ60CGMe80i3bwoQ+WODxsGaH08R//yg5oc7xHKgQz4uw==

esbuild-android-arm64@0.14.41:
  version "0.14.41"
  resolved "https://registry.yarnpkg.com/esbuild-android-arm64/-/esbuild-android-arm64-0.14.41.tgz#42ff3d409d4962342a67aef3d2caa9be502e3def"
  integrity sha512-7koo9Dm/mwK4M8PGQX8JQRc4UQ4Wj7DT1nD4BQkVs2jxtHbYOlnsQH0fneKSXZVmnBIHYcntr/e1VU5gnYLvGQ==

esbuild-darwin-64@0.14.41:
  version "0.14.41"
  resolved "https://registry.yarnpkg.com/esbuild-darwin-64/-/esbuild-darwin-64-0.14.41.tgz#73d8789b59c6086cfeba9aa59f60cb12cfbe4439"
  integrity sha512-kW8fC2auh9jjmBXudTmlMfbBCMYMuujhxG40CxMhKiQ8NLBK4RU9yUYY6ss7QJp24kVTtKd4IvfwOio9SE53MA==

esbuild-darwin-arm64@0.14.41:
  version "0.14.41"
  resolved "https://registry.yarnpkg.com/esbuild-darwin-arm64/-/esbuild-darwin-arm64-0.14.41.tgz#faf5eecd8e8a170aea741f0f0896e73f5b0e0716"
  integrity sha512-cO0EPkiQt0bERH9sZFIoTywWfGhEpshdpvQpDfLh/ZJLeioQfaarM9YDrmID+f7k77djh0mdyfsC6XpS0HlLsw==

esbuild-freebsd-64@0.14.41:
  version "0.14.41"
  resolved "https://registry.yarnpkg.com/esbuild-freebsd-64/-/esbuild-freebsd-64-0.14.41.tgz#b44923dfdf84bb3ec3a84739817ea08e4b50c0fb"
  integrity sha512-6tsMDK6b7czCOjsr68BgVogFXcTCWL3T7yFXRFuAmXwY9ybYgX8sybD7ztrRB03dLAPeMxHo+PzeMD6LdVrLdQ==

esbuild-freebsd-arm64@0.14.41:
  version "0.14.41"
  resolved "https://registry.yarnpkg.com/esbuild-freebsd-arm64/-/esbuild-freebsd-arm64-0.14.41.tgz#91dac0d5d5a3f9dc4a422628556bd64c98d62c1e"
  integrity sha512-AQ2S/VCLKVBe/+HNiFLyp3w9i7AEtCOWEzKHSkfHk0VO5bPzHd7WJfWmj1Bxliu7vdPESbiDUTJIH3rDt4bzSA==

esbuild-linux-32@0.14.41:
  version "0.14.41"
  resolved "https://registry.yarnpkg.com/esbuild-linux-32/-/esbuild-linux-32-0.14.41.tgz#6342094df325df46ad7a3d920af7af04c1a495a9"
  integrity sha512-sb7Kah5Px6BNZ6gzm0nJLuDeAJKbIlaKIoI9zgZ5dFDxZSn91TMAHJz5W39YDJ8+ZaGJYIdqZSpDo+4G769mZw==

esbuild-linux-64@0.14.41:
  version "0.14.41"
  resolved "https://registry.yarnpkg.com/esbuild-linux-64/-/esbuild-linux-64-0.14.41.tgz#e7e193c229aa3988202adb92b8567ae504767b8e"
  integrity sha512-PeI0bfbv+5ondZRhPRszptp3RQRRAPxpOB2CYDphKske5+UlCXPi4Af+T++OqhV5TEpymTfxJdJQ1sn1w32coA==

esbuild-linux-arm64@0.14.41:
  version "0.14.41"
  resolved "https://registry.yarnpkg.com/esbuild-linux-arm64/-/esbuild-linux-arm64-0.14.41.tgz#ca3d83b2a8ae1f160c05bdc08daa88f54279506c"
  integrity sha512-aAhBX6kVG8hTVuANE90ORobioHdpZLzy8Fibf4XBuG4IuJfjgM5N4wFIq2Tpd+Ykit432PL/YOQhZ4W6nVc4cQ==

esbuild-linux-arm@0.14.41:
  version "0.14.41"
  resolved "https://registry.yarnpkg.com/esbuild-linux-arm/-/esbuild-linux-arm-0.14.41.tgz#6f9b5ca9cbdb33b4751b658f7d64c0e907b64685"
  integrity sha512-8DQ6Sv3XNwgu0cnPA3q+kJSqfOYLDqWzpW8dPF+/Or23bS/5EIT/CzN73uIhR8A3AokXIczn88VKti7Xtv+V2g==

esbuild-linux-mips64le@0.14.41:
  version "0.14.41"
  resolved "https://registry.yarnpkg.com/esbuild-linux-mips64le/-/esbuild-linux-mips64le-0.14.41.tgz#e21b8dc51d6d3d78e4e3de0ccae20a6b0aae28a1"
  integrity sha512-88xo4FRYQ2laMJnrqZu8j5q531XT/odZnhO5NLWO/NdweIdT8F+QL0fNIBIf+nVkC1d0Psgmt+g35GAODMDl8g==

esbuild-linux-ppc64le@0.14.41:
  version "0.14.41"
  resolved "https://registry.yarnpkg.com/esbuild-linux-ppc64le/-/esbuild-linux-ppc64le-0.14.41.tgz#bd70331c3df64ed3c74947d8ec5354a7cb11abae"
  integrity sha512-kJ0r/Cg3LzFzHhbBsvqi/hDPGKMGzFiPGOmUvqTkfVXhRUQtOMkXkyKdP7OEMRb8ctPtnptsZOOXPHRdU0NdJQ==

esbuild-linux-riscv64@0.14.41:
  version "0.14.41"
  resolved "https://registry.yarnpkg.com/esbuild-linux-riscv64/-/esbuild-linux-riscv64-0.14.41.tgz#2272aff043bf1fe7b397df25698c8f79605b9b71"
  integrity sha512-ZJ7d/qFRx14J3aP75ccrFSZyuYZ1hu8IVfwVqyQg4jQFgNME2FMz7pZMskBJ0fSW8QcYUnN3RubFXWijyjKUug==

esbuild-linux-s390x@0.14.41:
  version "0.14.41"
  resolved "https://registry.yarnpkg.com/esbuild-linux-s390x/-/esbuild-linux-s390x-0.14.41.tgz#01916946a31c1aeb2de5b1b4f21432843fb88f91"
  integrity sha512-xeWAEZt1jAfYkYuyIUuHKpH/oj7O862Je5HTH9E+4sEfoOnZaAmFrisbXjGDKXjMRKYscFlM8wXdNBmiqQlT8g==

esbuild-netbsd-64@0.14.41:
  version "0.14.41"
  resolved "https://registry.yarnpkg.com/esbuild-netbsd-64/-/esbuild-netbsd-64-0.14.41.tgz#0a9d3e5c73d362f91178ad21a7e020d246a039e7"
  integrity sha512-X/UE3Asqy594/atYi/STgYtaMQBJwtZKF0KFFdJTkwb6rtaoHCM1o482iHibgnSK7CicuRhyTZ+cNx4OFqRQAg==

esbuild-openbsd-64@0.14.41:
  version "0.14.41"
  resolved "https://registry.yarnpkg.com/esbuild-openbsd-64/-/esbuild-openbsd-64-0.14.41.tgz#32c0ec0678a206b0e75340f3a3303f38cb5b3408"
  integrity sha512-6m+1dtdO+4KaU3R0UTT82hxWxWpFCjgSHhQl/PKtMmq+CvvxRQDcTwujLC843M7ChGVWNM2q1s6YCwoA0WQ9kw==

esbuild-sunos-64@0.14.41:
  version "0.14.41"
  resolved "https://registry.yarnpkg.com/esbuild-sunos-64/-/esbuild-sunos-64-0.14.41.tgz#2f6f26fbc88778382d61145d2d6ec1c6ad5d47c2"
  integrity sha512-p96tTTcE8/WY7A4Udh+fxVUTGL8rIXOpyxyhZiXug+f7DGbjE24PbewqgIBRSDyM7xRUty+1RzqyJz73YIV6yg==

esbuild-windows-32@0.14.41:
  version "0.14.41"
  resolved "https://registry.yarnpkg.com/esbuild-windows-32/-/esbuild-windows-32-0.14.41.tgz#0e7a64b739045596a83ecd9cb0af8c0d85e4d5ed"
  integrity sha512-jS+/pGyPPzrL8tgcvOxLEatV1QPICghKm13EjEVgkeRftl8X6tqRyFv/9eKutczdD3sklMDOJfivoPD32D46Ww==

esbuild-windows-64@0.14.41:
  version "0.14.41"
  resolved "https://registry.yarnpkg.com/esbuild-windows-64/-/esbuild-windows-64-0.14.41.tgz#14886c72949e8630160d2277e21fae59778c2b62"
  integrity sha512-vLqmKbV8FJ7LFMrT3zEQpojnUUbXyqhRPVGnAYzc0ESY5yAuom4E9tL7KzZ5H8KEuCUf//AvbyxpE+yOcjpyjA==

esbuild-windows-arm64@0.14.41:
  version "0.14.41"
  resolved "https://registry.yarnpkg.com/esbuild-windows-arm64/-/esbuild-windows-arm64-0.14.41.tgz#ad425b8a9fe29bd38b3028af387b5e923e4c54e1"
  integrity sha512-TOvj7kRTfpH4GPPmblvuMNf8oNJ3y2h7a6HttanVnc3QLMm5bNFYLSo6TShLOn0SbqFWGJwHIhGhw2JK96aVhg==

esbuild@^0.14.27:
  version "0.14.41"
  resolved "https://registry.yarnpkg.com/esbuild/-/esbuild-0.14.41.tgz#8e20be02a2efc813b87253e7b197beecced74f7d"
  integrity sha512-uZl2CH5nwayLPi1Unhfk+vBBjD3FDlYQ+v24qAlj2oZMYQP8pFs1k3DK5ViD+keF3JnuV4K7JtqVvBmTDwVEbA==
  optionalDependencies:
    esbuild-android-64 "0.14.41"
    esbuild-android-arm64 "0.14.41"
    esbuild-darwin-64 "0.14.41"
    esbuild-darwin-arm64 "0.14.41"
    esbuild-freebsd-64 "0.14.41"
    esbuild-freebsd-arm64 "0.14.41"
    esbuild-linux-32 "0.14.41"
    esbuild-linux-64 "0.14.41"
    esbuild-linux-arm "0.14.41"
    esbuild-linux-arm64 "0.14.41"
    esbuild-linux-mips64le "0.14.41"
    esbuild-linux-ppc64le "0.14.41"
    esbuild-linux-riscv64 "0.14.41"
    esbuild-linux-s390x "0.14.41"
    esbuild-netbsd-64 "0.14.41"
    esbuild-openbsd-64 "0.14.41"
    esbuild-sunos-64 "0.14.41"
    esbuild-windows-32 "0.14.41"
    esbuild-windows-64 "0.14.41"
    esbuild-windows-arm64 "0.14.41"

estree-walker@^2.0.1:
  version "2.0.2"
  resolved "https://registry.yarnpkg.com/estree-walker/-/estree-walker-2.0.2.tgz#52f010178c2a4c117a7757cfe942adb7d2da4cac"
  integrity sha512-Rfkk/Mp/DL7JVje3u18FxFujQlTNR2q6QfMSMB7AvCBx91NGj/ba3kCfza0f6dVDbw7YlRf/nDrn7pQrCCyQ/w==

execa@^5.1.1:
  version "5.1.1"
  resolved "https://registry.yarnpkg.com/execa/-/execa-5.1.1.tgz#f80ad9cbf4298f7bd1d4c9555c21e93741c411dd"
  integrity sha512-8uSpZZocAZRBAPIEINJj3Lo9HyGitllczc27Eh5YYojjMFMn8yHMDMaUHE2Jqfq05D/wucwI4JGURyXt1vchyg==
  dependencies:
    cross-spawn "^7.0.3"
    get-stream "^6.0.0"
    human-signals "^2.1.0"
    is-stream "^2.0.0"
    merge-stream "^2.0.0"
    npm-run-path "^4.0.1"
    onetime "^5.1.2"
    signal-exit "^3.0.3"
    strip-final-newline "^2.0.0"

fast-glob@^3.2.11:
  version "3.2.11"
  resolved "https://registry.yarnpkg.com/fast-glob/-/fast-glob-3.2.11.tgz#a1172ad95ceb8a16e20caa5c5e56480e5129c1d9"
  integrity sha512-xrO3+1bxSo3ZVHAnqzyuewYT6aMFHRAd4Kcs92MAonjwQZLsK9d0SF1IyQ3k5PoirxTW0Oe/RqFgMQ6TcNE5Ew==
  dependencies:
    "@nodelib/fs.stat" "^2.0.2"
    "@nodelib/fs.walk" "^1.2.3"
    glob-parent "^5.1.2"
    merge2 "^1.3.0"
    micromatch "^4.0.4"

fastq@^1.6.0:
  version "1.13.0"
  resolved "https://registry.yarnpkg.com/fastq/-/fastq-1.13.0.tgz#616760f88a7526bdfc596b7cab8c18938c36b98c"
  integrity sha512-YpkpUnK8od0o1hmeSc7UUs/eB/vIPWJYjKck2QKIzAf71Vm1AAQ3EbuZB3g2JIy+pg+ERD0vqI79KyZiB2e2Nw==
  dependencies:
    reusify "^1.0.4"

fill-range@^7.0.1:
  version "7.0.1"
  resolved "https://registry.yarnpkg.com/fill-range/-/fill-range-7.0.1.tgz#1919a6a7c75fe38b2c7c77e5198535da9acdda40"
  integrity sha512-qOo9F+dMUmC2Lcb4BbVvnKJxTPjCm+RRpe4gDuGrzkL7mEVl/djYSu2OdQ2Pa302N4oqkSg9ir6jaLWJ2USVpQ==
  dependencies:
    to-regex-range "^5.0.1"

find-up@^5.0.0:
  version "5.0.0"
  resolved "https://registry.yarnpkg.com/find-up/-/find-up-5.0.0.tgz#4c92819ecb7083561e4f4a240a86be5198f536fc"
  integrity sha512-78/PXT1wlLLDgTzDs7sjq9hzz0vXD+zn+7wypEe4fXQxCmdmqfGsEPQxmiCSQI3ajFV91bVSsvNtrJRiW6nGng==
  dependencies:
    locate-path "^6.0.0"
    path-exists "^4.0.0"

fsevents@~2.3.2:
  version "2.3.2"
  resolved "https://registry.yarnpkg.com/fsevents/-/fsevents-2.3.2.tgz#8a526f78b8fdf4623b709e0b975c52c24c02fd1a"
  integrity sha512-xiqMQR4xAeHTuB9uWm+fFRcIOgKBMiOBP+eXiyT7jsgVCq1bkVygt00oASowB7EdtpOHaaPgKt812P9ab+DDKA==

function-bind@^1.1.1:
  version "1.1.1"
  resolved "https://registry.yarnpkg.com/function-bind/-/function-bind-1.1.1.tgz#a56899d3ea3c9bab874bb9773b7c5ede92f4895d"
  integrity sha512-yIovAzMX49sF8Yl58fSCWJ5svSLuaibPxXQJFLmBObTuCr0Mf1KiPopGM9NiFjiYBCbfaa2Fh6breQ6ANVTI0A==

get-stream@^6.0.0:
  version "6.0.1"
  resolved "https://registry.yarnpkg.com/get-stream/-/get-stream-6.0.1.tgz#a262d8eef67aced57c2852ad6167526a43cbf7b7"
  integrity sha512-ts6Wi+2j3jQjqi70w5AlN8DFnkSwC+MqmxEzdEALB2qXZYV3X/b1CTfgPLGJNMeAWxdPfU8FO1ms3NUfaHCPYg==

glob-parent@^5.1.2, glob-parent@~5.1.2:
  version "5.1.2"
  resolved "https://registry.yarnpkg.com/glob-parent/-/glob-parent-5.1.2.tgz#869832c58034fe68a4093c17dc15e8340d8401c4"
  integrity sha512-AOIgSQCepiJYwP3ARnGx+5VnTu2HBYdzbGP45eLw1vr3zB3vZLeyed1sC9hnbcOc9/SrMyM5RPQrkGz4aS9Zow==
  dependencies:
    is-glob "^4.0.1"

gzip-size@^6.0.0:
  version "6.0.0"
  resolved "https://registry.yarnpkg.com/gzip-size/-/gzip-size-6.0.0.tgz#065367fd50c239c0671cbcbad5be3e2eeb10e462"
  integrity sha512-ax7ZYomf6jqPTQ4+XCpUGyXKHk5WweS+e05MBO4/y3WJ5RkmPXNKvX+bx1behVILVwr6JSQvZAku021CHPXG3Q==
  dependencies:
    duplexer "^0.1.2"

has@^1.0.3:
  version "1.0.3"
  resolved "https://registry.yarnpkg.com/has/-/has-1.0.3.tgz#722d7cbfc1f6aa8241f16dd814e011e1f41e8796"
  integrity sha512-f2dvO0VU6Oej7RkWJGrehjbzMAjFp5/VKPp5tTpWIV4JHHZK1/BxbFRtf/siA2SWTe09caDmVtYYzWEIbBS4zw==
  dependencies:
    function-bind "^1.1.1"

human-signals@^2.1.0:
  version "2.1.0"
  resolved "https://registry.yarnpkg.com/human-signals/-/human-signals-2.1.0.tgz#dc91fcba42e4d06e4abaed33b3e7a3c02f514ea0"
  integrity sha512-B4FFZ6q/T2jhhksgkbEW3HBvWIfDW85snkQgawt07S7J5QXTk6BkNV+0yAeZrM5QpMAdYlocGoljn0sJ/WQkFw==

is-binary-path@~2.1.0:
  version "2.1.0"
  resolved "https://registry.yarnpkg.com/is-binary-path/-/is-binary-path-2.1.0.tgz#ea1f7f3b80f064236e83470f86c09c254fb45b09"
  integrity sha512-ZMERYes6pDydyuGidse7OsHxtbI7WVeUEozgR/g7rd0xUimYNlvZRE/K2MgZTjWy725IfelLeVcEM97mmtRGXw==
  dependencies:
    binary-extensions "^2.0.0"

is-core-module@^2.8.1:
  version "2.9.0"
  resolved "https://registry.yarnpkg.com/is-core-module/-/is-core-module-2.9.0.tgz#e1c34429cd51c6dd9e09e0799e396e27b19a9c69"
  integrity sha512-+5FPy5PnwmO3lvfMb0AsoPaBG+5KHUI0wYFXOtYPnVVVspTFUuMZNfNaNVRt3FZadstu2c8x23vykRW/NBoU6A==
  dependencies:
    has "^1.0.3"

is-extglob@^2.1.1:
  version "2.1.1"
  resolved "https://registry.yarnpkg.com/is-extglob/-/is-extglob-2.1.1.tgz#a88c02535791f02ed37c76a1b9ea9773c833f8c2"
  integrity sha512-SbKbANkN603Vi4jEZv49LeVJMn4yGwsbzZworEoyEiutsN3nJYdbO36zfhGJ6QEDpOZIFkDtnq5JRxmvl3jsoQ==

is-glob@^4.0.1, is-glob@~4.0.1:
  version "4.0.3"
  resolved "https://registry.yarnpkg.com/is-glob/-/is-glob-4.0.3.tgz#64f61e42cbbb2eec2071a9dac0b28ba1e65d5084"
  integrity sha512-xelSayHH36ZgE7ZWhli7pW34hNbNl8Ojv5KVmkJD4hBdD3th8Tfk9vYasLM+mXWOZhFkgZfxhLSnrwRr4elSSg==
  dependencies:
    is-extglob "^2.1.1"

is-number@^7.0.0:
  version "7.0.0"
  resolved "https://registry.yarnpkg.com/is-number/-/is-number-7.0.0.tgz#7535345b896734d5f80c4d06c50955527a14f12b"
  integrity sha512-41Cifkg6e8TylSpdtTpeLVMqvSBEVzTttHvERD741+pnZ8ANv0004MRL43QKPDlK9cGvNp6NZWZUBlbGXYxxng==

is-stream@^2.0.0:
  version "2.0.1"
  resolved "https://registry.yarnpkg.com/is-stream/-/is-stream-2.0.1.tgz#fac1e3d53b97ad5a9d0ae9cef2389f5810a5c077"
  integrity sha512-hFoiJiTl63nn+kstHGBtewWSKnQLpyb155KHheA1l39uvtO9nWIop1p3udqPcUd/xbF1VLMO4n7OI6p7RbngDg==

isexe@^2.0.0:
  version "2.0.0"
  resolved "https://registry.yarnpkg.com/isexe/-/isexe-2.0.0.tgz#e8fbf374dc556ff8947a10dcb0572d633f2cfa10"
  integrity sha512-RHxMLp9lnKHGHRng9QFhRCMbYAcVpn69smSGcq3f36xjgVVWThj4qqLbTLlq7Ssj8B+fIQ1EuCEGI2lKsyQeIw==

jiti@^1.13.0:
  version "1.13.0"
  resolved "https://registry.yarnpkg.com/jiti/-/jiti-1.13.0.tgz#3cdfc4e651ca0cca4c62ed5e47747b5841d41a8e"
  integrity sha512-/n9mNxZj/HDSrincJ6RP+L+yXbpnB8FybySBa+IjIaoH9FIxBbrbRT5XUbe8R7zuVM2AQqNMNDDqz0bzx3znOQ==

kolorist@^1.5.1:
  version "1.5.1"
  resolved "https://registry.yarnpkg.com/kolorist/-/kolorist-1.5.1.tgz#c3d66dc4fabde4f6b7faa6efda84c00491f9e52b"
  integrity sha512-lxpCM3HTvquGxKGzHeknB/sUjuVoUElLlfYnXZT73K8geR9jQbroGlSCFBax9/0mpGoD3kzcMLnOlGQPJJNyqQ==

lit-element@^3.2.0:
  version "3.2.0"
  resolved "https://registry.yarnpkg.com/lit-element/-/lit-element-3.2.0.tgz#9c981c55dfd9a8f124dc863edb62cc529d434db7"
  integrity sha512-HbE7yt2SnUtg5DCrWt028oaU4D5F4k/1cntAFHTkzY8ZIa8N0Wmu92PxSxucsQSOXlODFrICkQ5x/tEshKi13g==
  dependencies:
    "@lit/reactive-element" "^1.3.0"
    lit-html "^2.2.0"

lit-html@^2.2.0:
  version "2.2.5"
  resolved "https://registry.yarnpkg.com/lit-html/-/lit-html-2.2.5.tgz#e2b4fbdb3b57e38a3bce23c8473d72ba0e652ed8"
  integrity sha512-e56Y9V+RNA+SGYsWP2DGb/wad5Ccd3xUZYjmcmbeZcnc0wP4zFQRXeXn7W3bbfBekmHDK2dOnuYNYkg0bQjh/w==
  dependencies:
    "@types/trusted-types" "^2.0.2"

lit@^2.0.2:
  version "2.2.5"
  resolved "https://registry.yarnpkg.com/lit/-/lit-2.2.5.tgz#60e8dd5b751fe31f849c64f74f1784a88235d664"
  integrity sha512-Ln463c0xJZfzVxBcHddNvFQQ8Z22NK7KgNmrzwFF1iESHUud412RRExzepj18wpTbusgwoTnOYuoTpo9uyNBaQ==
  dependencies:
    "@lit/reactive-element" "^1.3.0"
    lit-element "^3.2.0"
    lit-html "^2.2.0"

local-pkg@^0.4.1:
  version "0.4.1"
  resolved "https://registry.yarnpkg.com/local-pkg/-/local-pkg-0.4.1.tgz#e7b0d7aa0b9c498a1110a5ac5b00ba66ef38cfff"
  integrity sha512-lL87ytIGP2FU5PWwNDo0w3WhIo2gopIAxPg9RxDYF7m4rr5ahuZxP22xnJHIvaLTe4Z9P6uKKY2UHiwyB4pcrw==

locate-path@^6.0.0:
  version "6.0.0"
  resolved "https://registry.yarnpkg.com/locate-path/-/locate-path-6.0.0.tgz#55321eb309febbc59c4801d931a72452a681d286"
  integrity sha512-iPZK6eYjbxRu3uB4/WZ3EsEIMJFMqAoopl3R+zuq0UjcAm/MO6KCweDgPfP3elTztoKP3KtnVHxTn2NHBSDVUw==
  dependencies:
    p-locate "^5.0.0"

mabiki@^1.0.1:
  version "1.0.1"
  resolved "https://registry.yarnpkg.com/mabiki/-/mabiki-1.0.1.tgz#c1fa8237055d1ffe0499f193a8b3f3f9d3629331"
  integrity sha512-uq91Ordht5o0iiIyiV/ELGzRgUh9tXRxo/JeALnxPaC7aB87A3lsgmvDn/SgWKDB8I6DA7C/LR86EHE7FQzjrw==

magic-string@^0.26.2:
  version "0.26.2"
  resolved "https://registry.yarnpkg.com/magic-string/-/magic-string-0.26.2.tgz#5331700e4158cd6befda738bb6b0c7b93c0d4432"
  integrity sha512-NzzlXpclt5zAbmo6h6jNc8zl2gNRGHvmsZW4IvZhTC4W7k4OlLP+S5YLussa/r3ixNT66KOQfNORlXHSOy/X4A==
  dependencies:
    sourcemap-codec "^1.4.8"

mdn-data@2.0.27:
  version "2.0.27"
  resolved "https://registry.yarnpkg.com/mdn-data/-/mdn-data-2.0.27.tgz#1710baa7b0db8176d3b3d565ccb7915fc69525ab"
  integrity sha512-kwqO0I0jtWr25KcfLm9pia8vLZ8qoAKhWZuZMbneJq3jjBD3gl5nZs8l8Tu3ZBlBAHVQtDur9rdDGyvtfVraHQ==

merge-stream@^2.0.0:
  version "2.0.0"
  resolved "https://registry.yarnpkg.com/merge-stream/-/merge-stream-2.0.0.tgz#52823629a14dd00c9770fb6ad47dc6310f2c1f60"
  integrity sha512-abv/qOcuPfk3URPfDzmZU1LKmuw8kT+0nIHvKrKgFrwifol/doWcdA4ZqsWQ8ENrFKkd67Mfpo/LovbIUsbt3w==

merge2@^1.3.0:
  version "1.4.1"
  resolved "https://registry.yarnpkg.com/merge2/-/merge2-1.4.1.tgz#4368892f885e907455a6fd7dc55c0c9d404990ae"
  integrity sha512-8q7VEgMJW4J8tcfVPy8g09NcQwZdbwFEqhe/WZkoIzjn/3TGDwtOCYtXGxA3O8tPzpczCCDgv+P2P5y00ZJOOg==

micromatch@^4.0.4:
  version "4.0.5"
  resolved "https://registry.yarnpkg.com/micromatch/-/micromatch-4.0.5.tgz#bc8999a7cbbf77cdc89f132f6e467051b49090c6"
  integrity sha512-DMy+ERcEW2q8Z2Po+WNXuw3c5YaUSFjAO5GsJqfEl7UjvtIuFKO6ZrKvcItdy98dwFI2N1tg3zNIdKaQT+aNdA==
  dependencies:
    braces "^3.0.2"
    picomatch "^2.3.1"

mimic-fn@^2.1.0:
  version "2.1.0"
  resolved "https://registry.yarnpkg.com/mimic-fn/-/mimic-fn-2.1.0.tgz#7ed2c2ccccaf84d3ffcb7a69b57711fc2083401b"
  integrity sha512-OqbOk5oEQeAZ8WXWydlu9HJjz9WVdEIvamMCcXmuqUYjTknH/sqsWvhQ3vgwKFRR1HpjvNBKQ37nbJgYzGqGcg==

mrmime@^1.0.0:
  version "1.0.0"
  resolved "https://registry.yarnpkg.com/mrmime/-/mrmime-1.0.0.tgz#14d387f0585a5233d291baba339b063752a2398b"
  integrity sha512-a70zx7zFfVO7XpnQ2IX1Myh9yY4UYvfld/dikWRnsXxbyvMcfz+u6UfgNAtH+k2QqtJuzVpv6eLTx1G2+WKZbQ==

ms@2.1.2:
  version "2.1.2"
  resolved "https://registry.yarnpkg.com/ms/-/ms-2.1.2.tgz#d09d1f357b443f493382a8eb3ccd183872ae6009"
  integrity sha512-sGkPx+VjMtmA6MX27oA4FBFELFCZZ4S4XqeGOXCv68tT+jb3vk/RyaKWP0PTKyWtmLSM0b+adUTEvbs1PEaH2w==

nanoid@^3.3.4:
  version "3.3.4"
  resolved "https://registry.yarnpkg.com/nanoid/-/nanoid-3.3.4.tgz#730b67e3cd09e2deacf03c027c81c9d9dbc5e8ab"
  integrity sha512-MqBkQh/OHTS2egovRtLk45wEyNXwF+cokD+1YPf9u5VfJiRdAiRwB2froX5Co9Rh20xs4siNPm8naNotSD6RBw==

node-fetch-native@^0.1.3:
  version "0.1.3"
  resolved "https://registry.yarnpkg.com/node-fetch-native/-/node-fetch-native-0.1.3.tgz#61a4e4250d7aa6e272cacdbaa979ea916bff321a"
  integrity sha512-Jf1IQZdovUIv9E+5avmN6Sf+bND+rnMlODnBQhdE2VRyuWP9WgqZb/KEgPekh19DAN1X2C4vbS1VCOaz2OH19g==

normalize-path@^3.0.0, normalize-path@~3.0.0:
  version "3.0.0"
  resolved "https://registry.yarnpkg.com/normalize-path/-/normalize-path-3.0.0.tgz#0dcd69ff23a1c9b11fd0978316644a0388216a65"
  integrity sha512-6eZs5Ls3WtCisHWp9S2GUy8dqkpGi4BVSz3GaqiE6ezub0512ESztXUwUB6C6IKbQkY2Pnb/mD4WYojCRwcwLA==

npm-run-path@^4.0.1:
  version "4.0.1"
  resolved "https://registry.yarnpkg.com/npm-run-path/-/npm-run-path-4.0.1.tgz#b7ecd1e5ed53da8e37a55e1c2269e0b97ed748ea"
  integrity sha512-S48WzZW777zhNIrn7gxOlISNAqi9ZC/uQFnRdbeIHhZhCA6UqpkOT8T1G7BvfdgP4Er8gF4sUbaS0i7QvIfCWw==
  dependencies:
    path-key "^3.0.0"

ohmyfetch@^0.4.18:
  version "0.4.18"
  resolved "https://registry.yarnpkg.com/ohmyfetch/-/ohmyfetch-0.4.18.tgz#2952e04bd52662d0618d3d2f344db0250c3eeac2"
  integrity sha512-MslzNrQzBLtZHmiZBI8QMOcMpdNFlK61OJ34nFNFynZ4v+4BonfCQ7VIN4EGXvGGq5zhDzgdJoY3o9S1l2T7KQ==
  dependencies:
    destr "^1.1.1"
    node-fetch-native "^0.1.3"
    ufo "^0.8.4"
    undici "^5.2.0"

onetime@^5.1.2:
  version "5.1.2"
  resolved "https://registry.yarnpkg.com/onetime/-/onetime-5.1.2.tgz#d0e96ebb56b07476df1dd9c4806e5237985ca45e"
  integrity sha512-kbpaSSGJTWdAY5KPVeMOKXSrPtr8C8C7wodJbcsd51jRnmD+GZu8Y0VoU6Dm5Z4vWr0Ig/1NKuWRKf7j5aaYSg==
  dependencies:
    mimic-fn "^2.1.0"

p-limit@^3.0.2:
  version "3.1.0"
  resolved "https://registry.yarnpkg.com/p-limit/-/p-limit-3.1.0.tgz#e1daccbe78d0d1388ca18c64fea38e3e57e3706b"
  integrity sha512-TYOanM3wGwNGsZN2cVTYPArw454xnXj5qmWF1bEoAc4+cU/ol7GVh7odevjp1FNHduHc3KZMcFduxU5Xc6uJRQ==
  dependencies:
    yocto-queue "^0.1.0"

p-locate@^5.0.0:
  version "5.0.0"
  resolved "https://registry.yarnpkg.com/p-locate/-/p-locate-5.0.0.tgz#83c8315c6785005e3bd021839411c9e110e6d834"
  integrity sha512-LaNjtRWUBY++zB5nE/NwcaoMylSPk+S+ZHNB1TzdbMJMny6dynpAGt7X/tl/QYq3TIeE6nxHppbo2LGymrG5Pw==
  dependencies:
    p-limit "^3.0.2"

path-exists@^4.0.0:
  version "4.0.0"
  resolved "https://registry.yarnpkg.com/path-exists/-/path-exists-4.0.0.tgz#513bdbe2d3b95d7762e8c1137efa195c6c61b5b3"
  integrity sha512-ak9Qy5Q7jYb2Wwcey5Fpvg2KoAc/ZIhLSLOSBmRmygPsGwkVVt0fZa0qrtMz+m6tJTAHfZQ8FnmB4MG4LWy7/w==

path-key@^3.0.0, path-key@^3.1.0:
  version "3.1.1"
  resolved "https://registry.yarnpkg.com/path-key/-/path-key-3.1.1.tgz#581f6ade658cbba65a0d3380de7753295054f375"
  integrity sha512-ojmeN0qd+y0jszEtoY48r0Peq5dwMEkIlCOu6Q5f41lfkswXuKtYrhgoTpLnyIcHm24Uhqx+5Tqm2InSwLhE6Q==

path-parse@^1.0.7:
  version "1.0.7"
  resolved "https://registry.yarnpkg.com/path-parse/-/path-parse-1.0.7.tgz#fbc114b60ca42b30d9daf5858e4bd68bbedb6735"
  integrity sha512-LDJzPVEEEPR+y48z93A0Ed0yXb8pAByGWo/k5YYdYgpY2/2EsOsksJrq7lOHxryrVOn1ejG6oAp8ahvOIQD8sw==

pathe@^0.3.0:
  version "0.3.0"
  resolved "https://registry.yarnpkg.com/pathe/-/pathe-0.3.0.tgz#fd95bc16208263fa6dc1c78c07b3907a528de6eb"
  integrity sha512-3vUjp552BJzCw9vqKsO5sttHkbYqqsZtH0x1PNtItgqx8BXEXzoY1SYRKcL6BTyVh4lGJGLj0tM42elUDMvcYA==

perfect-debounce@^0.1.3:
  version "0.1.3"
  resolved "https://registry.yarnpkg.com/perfect-debounce/-/perfect-debounce-0.1.3.tgz#ff6798ea543a3ba1f0efeeaf97c0340f5c8871ce"
  integrity sha512-NOT9AcKiDGpnV/HBhI22Str++XWcErO/bALvHCuhv33owZW/CjH8KAFLZDCmu3727sihe0wTxpDhyGc6M8qacQ==

picocolors@^1.0.0:
  version "1.0.0"
  resolved "https://registry.yarnpkg.com/picocolors/-/picocolors-1.0.0.tgz#cb5bdc74ff3f51892236eaf79d68bc44564ab81c"
  integrity sha512-1fygroTLlHu66zi26VoTDv8yRgm0Fccecssto+MhsZ0D/DGW2sm8E8AjW7NU5VVTRt5GxbeZ5qBuJr+HyLYkjQ==

picomatch@^2.0.4, picomatch@^2.2.1, picomatch@^2.2.2, picomatch@^2.3.1:
  version "2.3.1"
  resolved "https://registry.yarnpkg.com/picomatch/-/picomatch-2.3.1.tgz#3ba3833733646d9d3e4995946c1365a67fb07a42"
  integrity sha512-JU3teHTNjmE2VCGFzuY8EXzCDVwEqB2a8fsIvwaStHhAWJEeVd1o1QD80CU6+ZdEXXSLbSsuLwJjkCBWqRQUVA==

postcss@^8.4.13:
  version "8.4.14"
  resolved "https://registry.yarnpkg.com/postcss/-/postcss-8.4.14.tgz#ee9274d5622b4858c1007a74d76e42e56fd21caf"
  integrity sha512-E398TUmfAYFPBSdzgeieK2Y1+1cpdxJx8yXbK/m57nRhKSmk1GB2tO4lbLBtlkfPQTDKfe4Xqv1ASWPpayPEig==
  dependencies:
    nanoid "^3.3.4"
    picocolors "^1.0.0"
    source-map-js "^1.0.2"

queue-microtask@^1.2.2:
  version "1.2.3"
  resolved "https://registry.yarnpkg.com/queue-microtask/-/queue-microtask-1.2.3.tgz#4929228bbc724dfac43e0efb058caf7b6cfb6243"
  integrity sha512-NuaNSa6flKT5JaSYQzJok04JzTL1CA6aGhv5rfLW3PgqA+M2ChpZQnAC8h8i4ZFkBS8X5RqkDBHA7r4hej3K9A==

readdirp@~3.6.0:
  version "3.6.0"
  resolved "https://registry.yarnpkg.com/readdirp/-/readdirp-3.6.0.tgz#74a370bd857116e245b29cc97340cd431a02a6c7"
  integrity sha512-hOS089on8RduqdbhvQ5Z37A0ESjsqz6qnRcffsMU3495FuTdqSm+7bhJ29JvIOsBDEEnan5DPu9t3To9VRlMzA==
  dependencies:
    picomatch "^2.2.1"

resolve@^1.22.0:
  version "1.22.0"
  resolved "https://registry.yarnpkg.com/resolve/-/resolve-1.22.0.tgz#5e0b8c67c15df57a89bdbabe603a002f21731198"
  integrity sha512-Hhtrw0nLeSrFQ7phPp4OOcVjLPIeMnRlr5mcnVuMe7M/7eBn98A3hmFRLoFo3DLZkivSYwhRUJTyPyWAk56WLw==
  dependencies:
    is-core-module "^2.8.1"
    path-parse "^1.0.7"
    supports-preserve-symlinks-flag "^1.0.0"

reusify@^1.0.4:
  version "1.0.4"
  resolved "https://registry.yarnpkg.com/reusify/-/reusify-1.0.4.tgz#90da382b1e126efc02146e90845a88db12925d76"
  integrity sha512-U9nH88a3fc/ekCF1l0/UP1IosiuIjyTh7hBvXVMHYgVcfGvt897Xguj2UOLDeI5BG2m7/uwyaLVT6fbtCwTyzw==

rollup@^2.59.0:
  version "2.75.0"
  resolved "https://registry.yarnpkg.com/rollup/-/rollup-2.75.0.tgz#c4c1c2bf46c706823f5f0eee046c7a1cbdda5038"
  integrity sha512-1/wxtweHJ7YwI2AIK3ZgCBU3nbW8sLnBIFwN46cwOTnVzt8f1o6J8zPKjwoiuADvzSjmnLqJce31p0q2vQ+dqw==
  optionalDependencies:
    fsevents "~2.3.2"

run-parallel@^1.1.9:
  version "1.2.0"
  resolved "https://registry.yarnpkg.com/run-parallel/-/run-parallel-1.2.0.tgz#66d1368da7bdf921eb9d95bd1a9229e7f21a43ee"
  integrity sha512-5l4VyZR86LZ/lDxZTR6jqL8AFE2S0IFLMP26AbjsLVADxHdhB/c0GUsH+y39UfCi3dzz8OlQuPmnaJOMoDHQBA==
  dependencies:
    queue-microtask "^1.2.2"

shebang-command@^2.0.0:
  version "2.0.0"
  resolved "https://registry.yarnpkg.com/shebang-command/-/shebang-command-2.0.0.tgz#ccd0af4f8835fbdc265b82461aaf0c36663f34ea"
  integrity sha512-kHxr2zZpYtdmrN1qDjrrX/Z1rR1kG8Dx+gkpK1G4eXmvXswmcE1hTWBWYUzlraYw1/yZp6YuDY77YtvbN0dmDA==
  dependencies:
    shebang-regex "^3.0.0"

shebang-regex@^3.0.0:
  version "3.0.0"
  resolved "https://registry.yarnpkg.com/shebang-regex/-/shebang-regex-3.0.0.tgz#ae16f1644d873ecad843b0307b143362d4c42172"
  integrity sha512-7++dFhtcx3353uBaq8DDR4NuxBetBzC7ZQOhmTQInHEd6bSrXdiEyzCvG07Z44UYdLShWUyXt5M/yhz8ekcb1A==

signal-exit@^3.0.3:
  version "3.0.7"
  resolved "https://registry.yarnpkg.com/signal-exit/-/signal-exit-3.0.7.tgz#a9a1767f8af84155114eaabd73f99273c8f59ad9"
  integrity sha512-wnD2ZE+l+SPC/uoS0vXeE9L1+0wuaMqKlfz9AMUo38JsyLSBWSFcHR1Rri62LZc12vLr1gb3jl7iwQhgwpAbGQ==

sirv@^2.0.2:
  version "2.0.2"
  resolved "https://registry.yarnpkg.com/sirv/-/sirv-2.0.2.tgz#128b9a628d77568139cff85703ad5497c46a4760"
  integrity sha512-4Qog6aE29nIjAOKe/wowFTxOdmbEZKb+3tsLljaBRzJwtqto0BChD2zzH0LhgCSXiI+V7X+Y45v14wBZQ1TK3w==
  dependencies:
    "@polka/url" "^1.0.0-next.20"
    mrmime "^1.0.0"
    totalist "^3.0.0"

source-map-js@^1.0.1, source-map-js@^1.0.2:
  version "1.0.2"
  resolved "https://registry.yarnpkg.com/source-map-js/-/source-map-js-1.0.2.tgz#adbc361d9c62df380125e7f161f71c826f1e490c"
  integrity sha512-R0XvVJ9WusLiqTCEiGCmICCMplcCkIwwR11mOSD9CR5u+IXYdiseeEuXCVAjS54zqwkLcPNnmU4OeJ6tUrWhDw==

sourcemap-codec@^1.4.8:
  version "1.4.8"
  resolved "https://registry.yarnpkg.com/sourcemap-codec/-/sourcemap-codec-1.4.8.tgz#ea804bd94857402e6992d05a38ef1ae35a9ab4c4"
  integrity sha512-9NykojV5Uih4lgo5So5dtw+f0JgJX30KCNI8gwhz2J9A15wD0Ml6tjHKwf6fTSa6fAdVBdZeNOs9eJ71qCk8vA==

strip-final-newline@^2.0.0:
  version "2.0.0"
  resolved "https://registry.yarnpkg.com/strip-final-newline/-/strip-final-newline-2.0.0.tgz#89b852fb2fcbe936f6f4b3187afb0a12c1ab58ad"
  integrity sha512-BrpvfNAE3dcvq7ll3xVumzjKjZQ5tI1sEUIKr3Uoks0XUl45St3FlatVqef9prk4jRDzhW6WZg+3bk93y6pLjA==

supports-preserve-symlinks-flag@^1.0.0:
  version "1.0.0"
  resolved "https://registry.yarnpkg.com/supports-preserve-symlinks-flag/-/supports-preserve-symlinks-flag-1.0.0.tgz#6eda4bd344a3c94aea376d4cc31bc77311039e09"
  integrity sha512-ot0WnXS9fgdkgIcePe6RHNk1WA8+muPa6cSjeR3V8K27q9BB1rTE3R1p7Hv0z1ZyAc8s6Vvv8DIyWf681MAt0w==

to-regex-range@^5.0.1:
  version "5.0.1"
  resolved "https://registry.yarnpkg.com/to-regex-range/-/to-regex-range-5.0.1.tgz#1648c44aae7c8d988a326018ed72f5b4dd0392e4"
  integrity sha512-65P7iz6X5yEr1cwcgvQxbbIw7Uk3gOy5dIdtZ4rDveLqhrdJP+Li/Hx6tyK0NEb+2GCyneCMJiGqrADCSNk8sQ==
  dependencies:
    is-number "^7.0.0"

totalist@^3.0.0:
  version "3.0.0"
  resolved "https://registry.yarnpkg.com/totalist/-/totalist-3.0.0.tgz#4ef9c58c5f095255cdc3ff2a0a55091c57a3a1bd"
  integrity sha512-eM+pCBxXO/njtF7vdFsHuqb+ElbxqtI4r5EAvk6grfAFyJ6IvWlSkfZ5T9ozC6xWw3Fj1fGoSmrl0gUs46JVIw==

typescript@^4.5.4:
  version "4.7.2"
  resolved "https://registry.yarnpkg.com/typescript/-/typescript-4.7.2.tgz#1f9aa2ceb9af87cca227813b4310fff0b51593c4"
  integrity sha512-Mamb1iX2FDUpcTRzltPxgWMKy3fhg0TN378ylbktPGPK/99KbDtMQ4W1hwgsbPAsG3a0xKa1vmw4VKZQbkvz5A==

ufo@^0.8.4:
  version "0.8.4"
  resolved "https://registry.yarnpkg.com/ufo/-/ufo-0.8.4.tgz#23e9ed82398d2116dcb378e8fba5ced8eca2ee40"
  integrity sha512-/+BmBDe8GvlB2nIflWasLLAInjYG0bC9HRnfEpNi4sw77J2AJNnEVnTDReVrehoh825+Q/evF3THXTAweyam2g==

unconfig@^0.3.4:
  version "0.3.4"
  resolved "https://registry.yarnpkg.com/unconfig/-/unconfig-0.3.4.tgz#f0c85584a088a434dde2215d8a3b272427d6056c"
  integrity sha512-cf39F1brwQuLSuMLTYXOdWJH0O1CJee6a4QW1nYtO7SoBUfVvQCvEel6ssTNXtPfi17kop1ADmVtmC49NlFkIQ==
  dependencies:
    "@antfu/utils" "^0.5.1"
    defu "^6.0.0"
    jiti "^1.13.0"

undici@^5.2.0:
  version "5.4.0"
  resolved "https://registry.yarnpkg.com/undici/-/undici-5.4.0.tgz#c474fae02743d4788b96118d46008a24195024d2"
  integrity sha512-A1SRXysDg7J+mVP46jF+9cKANw0kptqSFZ8tGyL+HBiv0K1spjxPX8Z4EGu+Eu6pjClJUBdnUPlxrOafR668/g==

unocss@^0.37.2:
  version "0.37.2"
  resolved "https://registry.yarnpkg.com/unocss/-/unocss-0.37.2.tgz#43746ea072ca48fc5b9005ce6db90de54fd43ea4"
  integrity sha512-1lgWX9l1m9Y12ZRBVwyS7T8DGscWRfEvcawdMMftd5RQwM0Vx0wU3Sf4y9qfAzeN5KnuO0qkbA5Kn2/ZXkiUbA==
  dependencies:
    "@unocss/cli" "0.37.2"
    "@unocss/core" "0.37.2"
    "@unocss/preset-attributify" "0.37.2"
    "@unocss/preset-icons" "0.37.2"
    "@unocss/preset-mini" "0.37.2"
    "@unocss/preset-tagify" "0.37.2"
    "@unocss/preset-typography" "0.37.2"
    "@unocss/preset-uno" "0.37.2"
    "@unocss/preset-web-fonts" "0.37.2"
    "@unocss/preset-wind" "0.37.2"
    "@unocss/reset" "0.37.2"
    "@unocss/transformer-compile-class" "0.37.2"
    "@unocss/transformer-directives" "0.37.2"
    "@unocss/transformer-variant-group" "0.37.2"
    "@unocss/vite" "0.37.2"

vite@^2.9.9:
  version "2.9.9"
  resolved "https://registry.yarnpkg.com/vite/-/vite-2.9.9.tgz#8b558987db5e60fedec2f4b003b73164cb081c5e"
  integrity sha512-ffaam+NgHfbEmfw/Vuh6BHKKlI/XIAhxE5QSS7gFLIngxg171mg1P3a4LSRME0z2ZU1ScxoKzphkipcYwSD5Ew==
  dependencies:
    esbuild "^0.14.27"
    postcss "^8.4.13"
    resolve "^1.22.0"
    rollup "^2.59.0"
  optionalDependencies:
    fsevents "~2.3.2"

which@^2.0.1:
  version "2.0.2"
  resolved "https://registry.yarnpkg.com/which/-/which-2.0.2.tgz#7c6a8dd0a636a0327e10b59c9286eee93f3f51b1"
  integrity sha512-BLI3Tl1TW3Pvl70l3yq3Y64i+awpwXqsGBYWkkqMtnbXgrMD+yj7rhW0kuEDxzJaYXGjEW5ogapKNMEKNMjibA==
  dependencies:
    isexe "^2.0.0"

yocto-queue@^0.1.0:
  version "0.1.0"
  resolved "https://registry.yarnpkg.com/yocto-queue/-/yocto-queue-0.1.0.tgz#0294eb3dee05028d31ee1a5fa2c556a6aaf10a1b"
  integrity sha512-rVksvsnNCdJ/ohGc6xgPwyN8eheCxsiLM8mxuE/t/mOVqJewPuO1miLpTHQiRgTKCLexL4MeAFVagts7HmNZ2Q==
